// !$*UTF8*$!
{
	archiveVersion = 1;
	classes = {
	};
	objectVersion = 55;
	objects = {

/* Begin PBXBuildFile section */
		F75295CA27AF91C300A79F04 /* RecipeListApp.swift in Sources */ = {isa = PBXBuildFile; fileRef = F75295C927AF91C300A79F04 /* RecipeListApp.swift */; };
		F75295CC27AF91C300A79F04 /* RecipeListView.swift in Sources */ = {isa = PBXBuildFile; fileRef = F75295CB27AF91C300A79F04 /* RecipeListView.swift */; };
		F75295CE27AF91C800A79F04 /* Assets.xcassets in Resources */ = {isa = PBXBuildFile; fileRef = F75295CD27AF91C800A79F04 /* Assets.xcassets */; };
		F75295D127AF91C800A79F04 /* Preview Assets.xcassets in Resources */ = {isa = PBXBuildFile; fileRef = F75295D027AF91C800A79F04 /* Preview Assets.xcassets */; };
		F75295DD27AF928200A79F04 /* recipes.json in Resources */ = {isa = PBXBuildFile; fileRef = F75295DC27AF928200A79F04 /* recipes.json */; };
		F75295DF27AF92E100A79F04 /* Recipe.swift in Sources */ = {isa = PBXBuildFile; fileRef = F75295DE27AF92E100A79F04 /* Recipe.swift */; };
		F75295E127B0273B00A79F04 /* RecipeModel.swift in Sources */ = {isa = PBXBuildFile; fileRef = F75295E027B0273B00A79F04 /* RecipeModel.swift */; };
		F75295E327B0291D00A79F04 /* DataService.swift in Sources */ = {isa = PBXBuildFile; fileRef = F75295E227B0291D00A79F04 /* DataService.swift */; };
		F75295E527B03DB500A79F04 /* RecipeDetailView.swift in Sources */ = {isa = PBXBuildFile; fileRef = F75295E427B03DB500A79F04 /* RecipeDetailView.swift */; };
/* End PBXBuildFile section */

/* Begin PBXFileReference section */
		F75295C627AF91C300A79F04 /* RecipeList.app */ = {isa = PBXFileReference; explicitFileType = wrapper.application; includeInIndex = 0; path = RecipeList.app; sourceTree = BUILT_PRODUCTS_DIR; };
		F75295C927AF91C300A79F04 /* RecipeListApp.swift */ = {isa = PBXFileReference; lastKnownFileType = sourcecode.swift; path = RecipeListApp.swift; sourceTree = "<group>"; };
		F75295CB27AF91C300A79F04 /* RecipeListView.swift */ = {isa = PBXFileReference; lastKnownFileType = sourcecode.swift; path = RecipeListView.swift; sourceTree = "<group>"; };
		F75295CD27AF91C800A79F04 /* Assets.xcassets */ = {isa = PBXFileReference; lastKnownFileType = folder.assetcatalog; path = Assets.xcassets; sourceTree = "<group>"; };
		F75295D027AF91C800A79F04 /* Preview Assets.xcassets */ = {isa = PBXFileReference; lastKnownFileType = folder.assetcatalog; path = "Preview Assets.xcassets"; sourceTree = "<group>"; };
		F75295DC27AF928200A79F04 /* recipes.json */ = {isa = PBXFileReference; fileEncoding = 4; lastKnownFileType = text.json; path = recipes.json; sourceTree = "<group>"; };
		F75295DE27AF92E100A79F04 /* Recipe.swift */ = {isa = PBXFileReference; lastKnownFileType = sourcecode.swift; path = Recipe.swift; sourceTree = "<group>"; };
		F75295E027B0273B00A79F04 /* RecipeModel.swift */ = {isa = PBXFileReference; lastKnownFileType = sourcecode.swift; path = RecipeModel.swift; sourceTree = "<group>"; };
		F75295E227B0291D00A79F04 /* DataService.swift */ = {isa = PBXFileReference; lastKnownFileType = sourcecode.swift; path = DataService.swift; sourceTree = "<group>"; };
		F75295E427B03DB500A79F04 /* RecipeDetailView.swift */ = {isa = PBXFileReference; lastKnownFileType = sourcecode.swift; path = RecipeDetailView.swift; sourceTree = "<group>"; };
/* End PBXFileReference section */

/* Begin PBXFrameworksBuildPhase section */
		F75295C327AF91C300A79F04 /* Frameworks */ = {
			isa = PBXFrameworksBuildPhase;
			buildActionMask = 2147483647;
			files = (
			);
			runOnlyForDeploymentPostprocessing = 0;
		};
/* End PBXFrameworksBuildPhase section */

/* Begin PBXGroup section */
		F75295BD27AF91C300A79F04 = {
			isa = PBXGroup;
			children = (
				F75295C827AF91C300A79F04 /* RecipeList */,
				F75295C727AF91C300A79F04 /* Products */,
			);
			sourceTree = "<group>";
		};
		F75295C727AF91C300A79F04 /* Products */ = {
			isa = PBXGroup;
			children = (
				F75295C627AF91C300A79F04 /* RecipeList.app */,
			);
			name = Products;
			sourceTree = "<group>";
		};
		F75295C827AF91C300A79F04 /* RecipeList */ = {
			isa = PBXGroup;
			children = (
				F75295C927AF91C300A79F04 /* RecipeListApp.swift */,
				F75295D827AF924400A79F04 /* Views */,
				F75295D927AF924800A79F04 /* ViewModels */,
				F75295D727AF923800A79F04 /* Models */,
				F75295DB27AF927700A79F04 /* Services */,
				F75295DA27AF927400A79F04 /* Data */,
				F75295CD27AF91C800A79F04 /* Assets.xcassets */,
				F75295CF27AF91C800A79F04 /* Preview Content */,
			);
			path = RecipeList;
			sourceTree = "<group>";
		};
		F75295CF27AF91C800A79F04 /* Preview Content */ = {
			isa = PBXGroup;
			children = (
				F75295D027AF91C800A79F04 /* Preview Assets.xcassets */,
			);
			path = "Preview Content";
			sourceTree = "<group>";
		};
		F75295D727AF923800A79F04 /* Models */ = {
			isa = PBXGroup;
			children = (
				F75295DE27AF92E100A79F04 /* Recipe.swift */,
			);
			path = Models;
			sourceTree = "<group>";
		};
		F75295D827AF924400A79F04 /* Views */ = {
			isa = PBXGroup;
			children = (
				F75295CB27AF91C300A79F04 /* RecipeListView.swift */,
				F75295E427B03DB500A79F04 /* RecipeDetailView.swift */,
			);
			path = Views;
			sourceTree = "<group>";
		};
		F75295D927AF924800A79F04 /* ViewModels */ = {
			isa = PBXGroup;
			children = (
				F75295E027B0273B00A79F04 /* RecipeModel.swift */,
			);
			path = ViewModels;
			sourceTree = "<group>";
		};
		F75295DA27AF927400A79F04 /* Data */ = {
			isa = PBXGroup;
			children = (
				F75295DC27AF928200A79F04 /* recipes.json */,
			);
			path = Data;
			sourceTree = "<group>";
		};
		F75295DB27AF927700A79F04 /* Services */ = {
			isa = PBXGroup;
			children = (
				F75295E227B0291D00A79F04 /* DataService.swift */,
			);
			path = Services;
			sourceTree = "<group>";
		};
/* End PBXGroup section */

/* Begin PBXNativeTarget section */
		F75295C527AF91C300A79F04 /* RecipeList */ = {
			isa = PBXNativeTarget;
			buildConfigurationList = F75295D427AF91C800A79F04 /* Build configuration list for PBXNativeTarget "RecipeList" */;
			buildPhases = (
				F75295C227AF91C300A79F04 /* Sources */,
				F75295C327AF91C300A79F04 /* Frameworks */,
				F75295C427AF91C300A79F04 /* Resources */,
			);
			buildRules = (
			);
			dependencies = (
			);
			name = RecipeList;
			productName = RecipeList;
			productReference = F75295C627AF91C300A79F04 /* RecipeList.app */;
			productType = "com.apple.product-type.application";
		};
/* End PBXNativeTarget section */

/* Begin PBXProject section */
		F75295BE27AF91C300A79F04 /* Project object */ = {
			isa = PBXProject;
			attributes = {
				BuildIndependentTargetsInParallel = 1;
				LastSwiftUpdateCheck = 1320;
				LastUpgradeCheck = 1320;
				TargetAttributes = {
					F75295C527AF91C300A79F04 = {
						CreatedOnToolsVersion = 13.2.1;
					};
				};
			};
			buildConfigurationList = F75295C127AF91C300A79F04 /* Build configuration list for PBXProject "RecipeList" */;
			compatibilityVersion = "Xcode 13.0";
			developmentRegion = en;
			hasScannedForEncodings = 0;
			knownRegions = (
				en,
				Base,
			);
			mainGroup = F75295BD27AF91C300A79F04;
			productRefGroup = F75295C727AF91C300A79F04 /* Products */;
			projectDirPath = "";
			projectRoot = "";
			targets = (
				F75295C527AF91C300A79F04 /* RecipeList */,
			);
		};
/* End PBXProject section */

/* Begin PBXResourcesBuildPhase section */
		F75295C427AF91C300A79F04 /* Resources */ = {
			isa = PBXResourcesBuildPhase;
			buildActionMask = 2147483647;
			files = (
				F75295D127AF91C800A79F04 /* Preview Assets.xcassets in Resources */,
				F75295DD27AF928200A79F04 /* recipes.json in Resources */,
				F75295CE27AF91C800A79F04 /* Assets.xcassets in Resources */,
			);
			runOnlyForDeploymentPostprocessing = 0;
		};
/* End PBXResourcesBuildPhase section */

/* Begin PBXSourcesBuildPhase section */
		F75295C227AF91C300A79F04 /* Sources */ = {
			isa = PBXSourcesBuildPhase;
			buildActionMask = 2147483647;
			files = (
				F75295DF27AF92E100A79F04 /* Recipe.swift in Sources */,
				F75295E527B03DB500A79F04 /* RecipeDetailView.swift in Sources */,
				F75295E127B0273B00A79F04 /* RecipeModel.swift in Sources */,
				F75295CC27AF91C300A79F04 /* RecipeListView.swift in Sources */,
				F75295CA27AF91C300A79F04 /* RecipeListApp.swift in Sources */,
				F75295E327B0291D00A79F04 /* DataService.swift in Sources */,
			);
			runOnlyForDeploymentPostprocessing = 0;
		};
/* End PBXSourcesBuildPhase section */

/* Begin XCBuildConfiguration section */
		F75295D227AF91C800A79F04 /* Debug */ = {
			isa = XCBuildConfiguration;
			buildSettings = {
				ALWAYS_SEARCH_USER_PATHS = NO;
				CLANG_ANALYZER_NONNULL = YES;
				CLANG_ANALYZER_NUMBER_OBJECT_CONVERSION = YES_AGGRESSIVE;
				CLANG_CXX_LANGUAGE_STANDARD = "gnu++17";
				CLANG_CXX_LIBRARY = "libc++";
				CLANG_ENABLE_MODULES = YES;
				CLANG_ENABLE_OBJC_ARC = YES;
				CLANG_ENABLE_OBJC_WEAK = YES;
				CLANG_WARN_BLOCK_CAPTURE_AUTORELEASING = YES;
				CLANG_WARN_BOOL_CONVERSION = YES;
				CLANG_WARN_COMMA = YES;
				CLANG_WARN_CONSTANT_CONVERSION = YES;
				CLANG_WARN_DEPRECATED_OBJC_IMPLEMENTATIONS = YES;
				CLANG_WARN_DIRECT_OBJC_ISA_USAGE = YES_ERROR;
				CLANG_WARN_DOCUMENTATION_COMMENTS = YES;
				CLANG_WARN_EMPTY_BODY = YES;
				CLANG_WARN_ENUM_CONVERSION = YES;
				CLANG_WARN_INFINITE_RECURSION = YES;
				CLANG_WARN_INT_CONVERSION = YES;
				CLANG_WARN_NON_LITERAL_NULL_CONVERSION = YES;
				CLANG_WARN_OBJC_IMPLICIT_RETAIN_SELF = YES;
				CLANG_WARN_OBJC_LITERAL_CONVERSION = YES;
				CLANG_WARN_OBJC_ROOT_CLASS = YES_ERROR;
				CLANG_WARN_QUOTED_INCLUDE_IN_FRAMEWORK_HEADER = YES;
				CLANG_WARN_RANGE_LOOP_ANALYSIS = YES;
				CLANG_WARN_STRICT_PROTOTYPES = YES;
				CLANG_WARN_SUSPICIOUS_MOVE = YES;
				CLANG_WARN_UNGUARDED_AVAILABILITY = YES_AGGRESSIVE;
				CLANG_WARN_UNREACHABLE_CODE = YES;
				CLANG_WARN__DUPLICATE_METHOD_MATCH = YES;
				COPY_PHASE_STRIP = NO;
				DEBUG_INFORMATION_FORMAT = dwarf;
				ENABLE_STRICT_OBJC_MSGSEND = YES;
				ENABLE_TESTABILITY = YES;
				GCC_C_LANGUAGE_STANDARD = gnu11;
				GCC_DYNAMIC_NO_PIC = NO;
				GCC_NO_COMMON_BLOCKS = YES;
				GCC_OPTIMIZATION_LEVEL = 0;
				GCC_PREPROCESSOR_DEFINITIONS = (
					"DEBUG=1",
					"$(inherited)",
				);
				GCC_WARN_64_TO_32_BIT_CONVERSION = YES;
				GCC_WARN_ABOUT_RETURN_TYPE = YES_ERROR;
				GCC_WARN_UNDECLARED_SELECTOR = YES;
				GCC_WARN_UNINITIALIZED_AUTOS = YES_AGGRESSIVE;
				GCC_WARN_UNUSED_FUNCTION = YES;
				GCC_WARN_UNUSED_VARIABLE = YES;
				IPHONEOS_DEPLOYMENT_TARGET = 15.2;
				MTL_ENABLE_DEBUG_INFO = INCLUDE_SOURCE;
				MTL_FAST_MATH = YES;
				ONLY_ACTIVE_ARCH = YES;
				SDKROOT = iphoneos;
				SWIFT_ACTIVE_COMPILATION_CONDITIONS = DEBUG;
				SWIFT_OPTIMIZATION_LEVEL = "-Onone";
			};
			name = Debug;
		};
		F75295D327AF91C800A79F04 /* Release */ = {
			isa = XCBuildConfiguration;
			buildSettings = {
				ALWAYS_SEARCH_USER_PATHS = NO;
				CLANG_ANALYZER_NONNULL = YES;
				CLANG_ANALYZER_NUMBER_OBJECT_CONVERSION = YES_AGGRESSIVE;
				CLANG_CXX_LANGUAGE_STANDARD = "gnu++17";
				CLANG_CXX_LIBRARY = "libc++";
				CLANG_ENABLE_MODULES = YES;
				CLANG_ENABLE_OBJC_ARC = YES;
				CLANG_ENABLE_OBJC_WEAK = YES;
				CLANG_WARN_BLOCK_CAPTURE_AUTORELEASING = YES;
				CLANG_WARN_BOOL_CONVERSION = YES;
				CLANG_WARN_COMMA = YES;
				CLANG_WARN_CONSTANT_CONVERSION = YES;
				CLANG_WARN_DEPRECATED_OBJC_IMPLEMENTATIONS = YES;
				CLANG_WARN_DIRECT_OBJC_ISA_USAGE = YES_ERROR;
				CLANG_WARN_DOCUMENTATION_COMMENTS = YES;
				CLANG_WARN_EMPTY_BODY = YES;
				CLANG_WARN_ENUM_CONVERSION = YES;
				CLANG_WARN_INFINITE_RECURSION = YES;
				CLANG_WARN_INT_CONVERSION = YES;
				CLANG_WARN_NON_LITERAL_NULL_CONVERSION = YES;
				CLANG_WARN_OBJC_IMPLICIT_RETAIN_SELF = YES;
				CLANG_WARN_OBJC_LITERAL_CONVERSION = YES;
				CLANG_WARN_OBJC_ROOT_CLASS = YES_ERROR;
				CLANG_WARN_QUOTED_INCLUDE_IN_FRAMEWORK_HEADER = YES;
				CLANG_WARN_RANGE_LOOP_ANALYSIS = YES;
				CLANG_WARN_STRICT_PROTOTYPES = YES;
				CLANG_WARN_SUSPICIOUS_MOVE = YES;
				CLANG_WARN_UNGUARDED_AVAILABILITY = YES_AGGRESSIVE;
				CLANG_WARN_UNREACHABLE_CODE = YES;
				CLANG_WARN__DUPLICATE_METHOD_MATCH = YES;
				COPY_PHASE_STRIP = NO;
				DEBUG_INFORMATION_FORMAT = "dwarf-with-dsym";
				ENABLE_NS_ASSERTIONS = NO;
				ENABLE_STRICT_OBJC_MSGSEND = YES;
				GCC_C_LANGUAGE_STANDARD = gnu11;
				GCC_NO_COMMON_BLOCKS = YES;
				GCC_WARN_64_TO_32_BIT_CONVERSION = YES;
				GCC_WARN_ABOUT_RETURN_TYPE = YES_ERROR;
				GCC_WARN_UNDECLARED_SELECTOR = YES;
				GCC_WARN_UNINITIALIZED_AUTOS = YES_AGGRESSIVE;
				GCC_WARN_UNUSED_FUNCTION = YES;
				GCC_WARN_UNUSED_VARIABLE = YES;
				IPHONEOS_DEPLOYMENT_TARGET = 15.2;
				MTL_ENABLE_DEBUG_INFO = NO;
				MTL_FAST_MATH = YES;
				SDKROOT = iphoneos;
				SWIFT_COMPILATION_MODE = wholemodule;
				SWIFT_OPTIMIZATION_LEVEL = "-O";
				VALIDATE_PRODUCT = YES;
			};
			name = Release;
		};
		F75295D527AF91C800A79F04 /* Debug */ = {
			isa = XCBuildConfiguration;
			buildSettings = {
				ASSETCATALOG_COMPILER_APPICON_NAME = AppIcon;
				ASSETCATALOG_COMPILER_GLOBAL_ACCENT_COLOR_NAME = AccentColor;
				CODE_SIGN_STYLE = Automatic;
				CURRENT_PROJECT_VERSION = 1;
				DEVELOPMENT_ASSET_PATHS = "\"RecipeList/Preview Content\"";
				ENABLE_PREVIEWS = YES;
				GENERATE_INFOPLIST_FILE = YES;
				INFOPLIST_KEY_UIApplicationSceneManifest_Generation = YES;
				INFOPLIST_KEY_UIApplicationSupportsIndirectInputEvents = YES;
				INFOPLIST_KEY_UILaunchScreen_Generation = YES;
				INFOPLIST_KEY_UISupportedInterfaceOrientations_iPad = "UIInterfaceOrientationPortrait UIInterfaceOrientationPortraitUpsideDown UIInterfaceOrientationLandscapeLeft UIInterfaceOrientationLandscapeRight";
				INFOPLIST_KEY_UISupportedInterfaceOrientations_iPhone = "UIInterfaceOrientationPortrait UIInterfaceOrientationLandscapeLeft UIInterfaceOrientationLandscapeRight";
				LD_RUNPATH_SEARCH_PATHS = (
					"$(inherited)",
					"@executable_path/Frameworks",
				);
				MARKETING_VERSION = 1.0;
				PRODUCT_BUNDLE_IDENTIFIER = com.codewithparth.RecipeList;
				PRODUCT_NAME = "$(TARGET_NAME)";
				SWIFT_EMIT_LOC_STRINGS = YES;
				SWIFT_VERSION = 5.0;
				TARGETED_DEVICE_FAMILY = "1,2";
			};
			name = Debug;
		};
		F75295D627AF91C800A79F04 /* Release */ = {
			isa = XCBuildConfiguration;
			buildSettings = {
				ASSETCATALOG_COMPILER_APPICON_NAME = AppIcon;
				ASSETCATALOG_COMPILER_GLOBAL_ACCENT_COLOR_NAME = AccentColor;
				CODE_SIGN_STYLE = Automatic;
				CURRENT_PROJECT_VERSION = 1;
				DEVELOPMENT_ASSET_PATHS = "\"RecipeList/Preview Content\"";
				ENABLE_PREVIEWS = YES;
				GENERATE_INFOPLIST_FILE = YES;
				INFOPLIST_KEY_UIApplicationSceneManifest_Generation = YES;
				INFOPLIST_KEY_UIApplicationSupportsIndirectInputEvents = YES;
				INFOPLIST_KEY_UILaunchScreen_Generation = YES;
				INFOPLIST_KEY_UISupportedInterfaceOrientations_iPad = "UIInterfaceOrientationPortrait UIInterfaceOrientationPortraitUpsideDown UIInterfaceOrientationLandscapeLeft UIInterfaceOrientationLandscapeRight";
				INFOPLIST_KEY_UISupportedInterfaceOrientations_iPhone = "UIInterfaceOrientationPortrait UIInterfaceOrientationLandscapeLeft UIInterfaceOrientationLandscapeRight";
				LD_RUNPATH_SEARCH_PATHS = (
					"$(inherited)",
					"@executable_path/Frameworks",
				);
				MARKETING_VERSION = 1.0;
				PRODUCT_BUNDLE_IDENTIFIER = com.codewithparth.RecipeList;
				PRODUCT_NAME = "$(TARGET_NAME)";
				SWIFT_EMIT_LOC_STRINGS = YES;
				SWIFT_VERSION = 5.0;
				TARGETED_DEVICE_FAMILY = "1,2";
			};
			name = Release;
		};
/* End XCBuildConfiguration section */

/* Begin XCConfigurationList section */
		F75295C127AF91C300A79F04 /* Build configuration list for PBXProject "RecipeList" */ = {
			isa = XCConfigurationList;
			buildConfigurations = (
				F75295D227AF91C800A79F04 /* Debug */,
				F75295D327AF91C800A79F04 /* Release */,
			);
			defaultConfigurationIsVisible = 0;
			defaultConfigurationName = Release;
		};
		F75295D427AF91C800A79F04 /* Build configuration list for PBXNativeTarget "RecipeList" */ = {
			isa = XCConfigurationList;
			buildConfigurations = (
				F75295D527AF91C800A79F04 /* Debug */,
				F75295D627AF91C800A79F04 /* Release */,
			);
			defaultConfigurationIsVisible = 0;
			defaultConfigurationName = Release;
		};
/* End XCConfigurationList section */
	};
	rootObject = F75295BE27AF91C300A79F04 /* Project object */;
}
